// !$*UTF8*$!
{
	archiveVersion = 1;
	classes = {
	};
	objectVersion = 50;
	objects = {

/* Begin PBXBuildFile section */
		D84B6476273D45C40036B43D /* main.m in Sources */ = {isa = PBXBuildFile; fileRef = D84B6475273D45C40036B43D /* main.m */; };
		D84B647E273D45F10036B43D /* Numeros.m in Sources */ = {isa = PBXBuildFile; fileRef = D84B647D273D45F10036B43D /* Numeros.m */; };
		D84B6484273D4AC60036B43D /* Caracter.m in Sources */ = {isa = PBXBuildFile; fileRef = D84B6483273D4AC60036B43D /* Caracter.m */; };
/* End PBXBuildFile section */

/* Begin PBXCopyFilesBuildPhase section */
		D84B6470273D45C40036B43D /* CopyFiles */ = {
			isa = PBXCopyFilesBuildPhase;
			buildActionMask = 2147483647;
			dstPath = /usr/share/man/man1/;
			dstSubfolderSpec = 0;
			files = (
			);
			runOnlyForDeploymentPostprocessing = 1;
		};
/* End PBXCopyFilesBuildPhase section */

/* Begin PBXFileReference section */
		D84B6472273D45C40036B43D /* Polimorfismo */ = {isa = PBXFileReference; explicitFileType = "compiled.mach-o.executable"; includeInIndex = 0; path = Polimorfismo; sourceTree = BUILT_PRODUCTS_DIR; };
		D84B6475273D45C40036B43D /* main.m */ = {isa = PBXFileReference; lastKnownFileType = sourcecode.c.objc; path = main.m; sourceTree = "<group>"; };
		D84B647D273D45F10036B43D /* Numeros.m */ = {isa = PBXFileReference; lastKnownFileType = sourcecode.c.objc; path = Numeros.m; sourceTree = "<group>"; };
		D84B6481273D46130036B43D /* Numeros.h */ = {isa = PBXFileReference; lastKnownFileType = sourcecode.c.h; path = Numeros.h; sourceTree = "<group>"; };
		D84B6483273D4AC60036B43D /* Caracter.m */ = {isa = PBXFileReference; lastKnownFileType = sourcecode.c.objc; path = Caracter.m; sourceTree = "<group>"; };
		D84B6486273D4AEF0036B43D /* Caracter.h */ = {isa = PBXFileReference; lastKnownFileType = sourcecode.c.h; path = Caracter.h; sourceTree = "<group>"; };
/* End PBXFileReference section */

/* Begin PBXFrameworksBuildPhase section */
		D84B646F273D45C40036B43D /* Frameworks */ = {
			isa = PBXFrameworksBuildPhase;
			buildActionMask = 2147483647;
			files = (
			);
			runOnlyForDeploymentPostprocessing = 0;
		};
/* End PBXFrameworksBuildPhase section */

/* Begin PBXGroup section */
		D84B6469273D45C40036B43D = {
			isa = PBXGroup;
			children = (
				D84B6474273D45C40036B43D /* Polimorfismo */,
				D84B6473273D45C40036B43D /* Products */,
			);
			sourceTree = "<group>";
		};
		D84B6473273D45C40036B43D /* Products */ = {
			isa = PBXGroup;
			children = (
				D84B6472273D45C40036B43D /* Polimorfismo */,
			);
			name = Products;
			sourceTree = "<group>";
		};
		D84B6474273D45C40036B43D /* Polimorfismo */ = {
			isa = PBXGroup;
			children = (
				D84B6486273D4AEF0036B43D /* Caracter.h */,
				D84B6475273D45C40036B43D /* main.m */,
				D84B6483273D4AC60036B43D /* Caracter.m */,
				D84B6481273D46130036B43D /* Numeros.h */,
				D84B647D273D45F10036B43D /* Numeros.m */,
			);
			path = Polimorfismo;
			sourceTree = "<group>";
		};
/* End PBXGroup section */

/* Begin PBXNativeTarget section */
		D84B6471273D45C40036B43D /* Polimorfismo */ = {
			isa = PBXNativeTarget;
			buildConfigurationList = D84B6479273D45C40036B43D /* Build configuration list for PBXNativeTarget "Polimorfismo" */;
			buildPhases = (
				D84B646E273D45C40036B43D /* Sources */,
				D84B646F273D45C40036B43D /* Frameworks */,
				D84B6470273D45C40036B43D /* CopyFiles */,
			);
			buildRules = (
			);
			dependencies = (
			);
			name = Polimorfismo;
			productName = Polimorfismo;
			productReference = D84B6472273D45C40036B43D /* Polimorfismo */;
			productType = "com.apple.product-type.tool";
		};
/* End PBXNativeTarget section */

/* Begin PBXProject section */
		D84B646A273D45C40036B43D /* Project object */ = {
			isa = PBXProject;
			attributes = {
				LastUpgradeCheck = 1220;
				TargetAttributes = {
					D84B6471273D45C40036B43D = {
						CreatedOnToolsVersion = 12.2;
					};
				};
			};
			buildConfigurationList = D84B646D273D45C40036B43D /* Build configuration list for PBXProject "Polimorfismo" */;
			compatibilityVersion = "Xcode 9.3";
			developmentRegion = en;
			hasScannedForEncodings = 0;
			knownRegions = (
				en,
				Base,
			);
			mainGroup = D84B6469273D45C40036B43D;
			productRefGroup = D84B6473273D45C40036B43D /* Products */;
			projectDirPath = "";
			projectRoot = "";
			targets = (
				D84B6471273D45C40036B43D /* Polimorfismo */,
			);
		};
/* End PBXProject section */

/* Begin PBXSourcesBuildPhase section */
		D84B646E273D45C40036B43D /* Sources */ = {
			isa = PBXSourcesBuildPhase;
			buildActionMask = 2147483647;
			files = (
				D84B6476273D45C40036B43D /* main.m in Sources */,
				D84B6484273D4AC60036B43D /* Caracter.m in Sources */,
				D84B647E273D45F10036B43D /* Numeros.m in Sources */,
			);
			runOnlyForDeploymentPostprocessing = 0;
		};
/* End PBXSourcesBuildPhase section */

/* Begin XCBuildConfiguration section */
		D84B6477273D45C40036B43D /* Debug */ = {
			isa = XCBuildConfiguration;
			buildSettings = {
				ALWAYS_SEARCH_USER_PATHS = NO;
				CLANG_ANALYZER_NONNULL = YES;
				CLANG_ANALYZER_NUMBER_OBJECT_CONVERSION = YES_AGGRESSIVE;
				CLANG_CXX_LANGUAGE_STANDARD = "gnu++14";
				CLANG_CXX_LIBRARY = "libc++";
				CLANG_ENABLE_MODULES = YES;
				CLANG_ENABLE_OBJC_ARC = YES;
				CLANG_ENABLE_OBJC_WEAK = YES;
				CLANG_WARN_BLOCK_CAPTURE_AUTORELEASING = YES;
				CLANG_WARN_BOOL_CONVERSION = YES;
				CLANG_WARN_COMMA = YES;
				CLANG_WARN_CONSTANT_CONVERSION = YES;
				CLANG_WARN_DEPRECATED_OBJC_IMPLEMENTATIONS = YES;
				CLANG_WARN_DIRECT_OBJC_ISA_USAGE = YES_ERROR;
				CLANG_WARN_DOCUMENTATION_COMMENTS = YES;
				CLANG_WARN_EMPTY_BODY = YES;
				CLANG_WARN_ENUM_CONVERSION = YES;
				CLANG_WARN_INFINITE_RECURSION = YES;
				CLANG_WARN_INT_CONVERSION = YES;
				CLANG_WARN_NON_LITERAL_NULL_CONVERSION = YES;
				CLANG_WARN_OBJC_IMPLICIT_RETAIN_SELF = YES;
				CLANG_WARN_OBJC_LITERAL_CONVERSION = YES;
				CLANG_WARN_OBJC_ROOT_CLASS = YES_ERROR;
				CLANG_WARN_QUOTED_INCLUDE_IN_FRAMEWORK_HEADER = YES;
				CLANG_WARN_RANGE_LOOP_ANALYSIS = YES;
				CLANG_WARN_STRICT_PROTOTYPES = YES;
				CLANG_WARN_SUSPICIOUS_MOVE = YES;
				CLANG_WARN_UNGUARDED_AVAILABILITY = YES_AGGRESSIVE;
				CLANG_WARN_UNREACHABLE_CODE = YES;
				CLANG_WARN__DUPLICATE_METHOD_MATCH = YES;
				COPY_PHASE_STRIP = NO;
				DEBUG_INFORMATION_FORMAT = dwarf;
				ENABLE_STRICT_OBJC_MSGSEND = YES;
				ENABLE_TESTABILITY = YES;
				GCC_C_LANGUAGE_STANDARD = gnu11;
				GCC_DYNAMIC_NO_PIC = NO;
				GCC_NO_COMMON_BLOCKS = YES;
				GCC_OPTIMIZATION_LEVEL = 0;
				GCC_PREPROCESSOR_DEFINITIONS = (
					"DEBUG=1",
					"$(inherited)",
				);
				GCC_WARN_64_TO_32_BIT_CONVERSION = YES;
				GCC_WARN_ABOUT_RETURN_TYPE = YES_ERROR;
				GCC_WARN_UNDECLARED_SELECTOR = YES;
				GCC_WARN_UNINITIALIZED_AUTOS = YES_AGGRESSIVE;
				GCC_WARN_UNUSED_FUNCTION = YES;
				GCC_WARN_UNUSED_VARIABLE = YES;
				MACOSX_DEPLOYMENT_TARGET = 11.0;
				MTL_ENABLE_DEBUG_INFO = INCLUDE_SOURCE;
				MTL_FAST_MATH = YES;
				ONLY_ACTIVE_ARCH = YES;
				SDKROOT = macosx;
			};
			name = Debug;
		};
		D84B6478273D45C40036B43D /* Release */ = {
			isa = XCBuildConfiguration;
			buildSettings = {
				ALWAYS_SEARCH_USER_PATHS = NO;
				CLANG_ANALYZER_NONNULL = YES;
				CLANG_ANALYZER_NUMBER_OBJECT_CONVERSION = YES_AGGRESSIVE;
				CLANG_CXX_LANGUAGE_STANDARD = "gnu++14";
				CLANG_CXX_LIBRARY = "libc++";
				CLANG_ENABLE_MODULES = YES;
				CLANG_ENABLE_OBJC_ARC = YES;
				CLANG_ENABLE_OBJC_WEAK = YES;
				CLANG_WARN_BLOCK_CAPTURE_AUTORELEASING = YES;
				CLANG_WARN_BOOL_CONVERSION = YES;
				CLANG_WARN_COMMA = YES;
				CLANG_WARN_CONSTANT_CONVERSION = YES;
				CLANG_WARN_DEPRECATED_OBJC_IMPLEMENTATIONS = YES;
				CLANG_WARN_DIRECT_OBJC_ISA_USAGE = YES_ERROR;
				CLANG_WARN_DOCUMENTATION_COMMENTS = YES;
				CLANG_WARN_EMPTY_BODY = YES;
				CLANG_WARN_ENUM_CONVERSION = YES;
				CLANG_WARN_INFINITE_RECURSION = YES;
				CLANG_WARN_INT_CONVERSION = YES;
				CLANG_WARN_NON_LITERAL_NULL_CONVERSION = YES;
				CLANG_WARN_OBJC_IMPLICIT_RETAIN_SELF = YES;
				CLANG_WARN_OBJC_LITERAL_CONVERSION = YES;
				CLANG_WARN_OBJC_ROOT_CLASS = YES_ERROR;
				CLANG_WARN_QUOTED_INCLUDE_IN_FRAMEWORK_HEADER = YES;
				CLANG_WARN_RANGE_LOOP_ANALYSIS = YES;
				CLANG_WARN_STRICT_PROTOTYPES = YES;
				CLANG_WARN_SUSPICIOUS_MOVE = YES;
				CLANG_WARN_UNGUARDED_AVAILABILITY = YES_AGGRESSIVE;
				CLANG_WARN_UNREACHABLE_CODE = YES;
				CLANG_WARN__DUPLICATE_METHOD_MATCH = YES;
				COPY_PHASE_STRIP = NO;
				DEBUG_INFORMATION_FORMAT = "dwarf-with-dsym";
				ENABLE_NS_ASSERTIONS = NO;
				ENABLE_STRICT_OBJC_MSGSEND = YES;
				GCC_C_LANGUAGE_STANDARD = gnu11;
				GCC_NO_COMMON_BLOCKS = YES;
				GCC_WARN_64_TO_32_BIT_CONVERSION = YES;
				GCC_WARN_ABOUT_RETURN_TYPE = YES_ERROR;
				GCC_WARN_UNDECLARED_SELECTOR = YES;
				GCC_WARN_UNINITIALIZED_AUTOS = YES_AGGRESSIVE;
				GCC_WARN_UNUSED_FUNCTION = YES;
				GCC_WARN_UNUSED_VARIABLE = YES;
				MACOSX_DEPLOYMENT_TARGET = 11.0;
				MTL_ENABLE_DEBUG_INFO = NO;
				MTL_FAST_MATH = YES;
				SDKROOT = macosx;
			};
			name = Release;
		};
		D84B647A273D45C40036B43D /* Debug */ = {
			isa = XCBuildConfiguration;
			buildSettings = {
				CODE_SIGN_STYLE = Automatic;
				PRODUCT_NAME = "$(TARGET_NAME)";
			};
			name = Debug;
		};
		D84B647B273D45C40036B43D /* Release */ = {
			isa = XCBuildConfiguration;
			buildSettings = {
				CODE_SIGN_STYLE = Automatic;
				PRODUCT_NAME = "$(TARGET_NAME)";
			};
			name = Release;
		};
/* End XCBuildConfiguration section */

/* Begin XCConfigurationList section */
		D84B646D273D45C40036B43D /* Build configuration list for PBXProject "Polimorfismo" */ = {
			isa = XCConfigurationList;
			buildConfigurations = (
				D84B6477273D45C40036B43D /* Debug */,
				D84B6478273D45C40036B43D /* Release */,
			);
			defaultConfigurationIsVisible = 0;
			defaultConfigurationName = Release;
		};
		D84B6479273D45C40036B43D /* Build configuration list for PBXNativeTarget "Polimorfismo" */ = {
			isa = XCConfigurationList;
			buildConfigurations = (
				D84B647A273D45C40036B43D /* Debug */,
				D84B647B273D45C40036B43D /* Release */,
			);
			defaultConfigurationIsVisible = 0;
			defaultConfigurationName = Release;
		};
/* End XCConfigurationList section */
	};
	rootObject = D84B646A273D45C40036B43D /* Project object */;
}
